
Microsoft Visual Studio Solution File, Format Version 12.00
# Visual Studio Version 16
VisualStudioVersion = 16.0.31515.178
MinimumVisualStudioVersion = 10.0.40219.1
Project("{888888A0-9F3D-457C-B088-3A5042F75D52}") = "CIS261WK4Lab2-Country", "CIS261WK4Lab2-Country.pyproj", "{FCDB25B7-D702-4C78-90E6-7E88A74270AB}"
EndProject
Global
	GlobalSection(SolutionConfigurationPlatforms) = preSolution
		Debug|Any CPU = Debug|Any CPU
		Release|Any CPU = Release|Any CPU
	EndGlobalSection
	GlobalSection(ProjectConfigurationPlatforms) = postSolution
		{FCDB25B7-D702-4C78-90E6-7E88A74270AB}.Debug|Any CPU.ActiveCfg = Debug|Any CPU
		{FCDB25B7-D702-4C78-90E6-7E88A74270AB}.Release|Any CPU.ActiveCfg = Release|Any CPU
	EndGlobalSection
	GlobalSection(SolutionProperties) = preSolution
		HideSolutionNode = FALSE
	EndGlobalSection
	GlobalSection(ExtensibilityGlobals) = postSolution
		SolutionGuid = {A2805D24-E24E-4FBC-9D0C-C3FBCBC862C6}
	EndGlobalSection
EndGlobal
